
Microsoft Visual Studio Solution File, Format Version 12.00
# Visual Studio Version 17
VisualStudioVersion = 17.4.33213.308
MinimumVisualStudioVersion = 10.0.40219.1
Project("{FAE04EC0-301F-11D3-BF4B-00C04F79EFBC}") = "lab3", "lab3.csproj", "{5AC60ED5-F217-41C2-A247-777FC5FFCB23}"
EndProject
Global
	GlobalSection(SolutionConfigurationPlatforms) = preSolution
		Debug|Any CPU = Debug|Any CPU
		Release|Any CPU = Release|Any CPU
	EndGlobalSection
	GlobalSection(ProjectConfigurationPlatforms) = postSolution
		{5AC60ED5-F217-41C2-A247-777FC5FFCB23}.Debug|Any CPU.ActiveCfg = Debug|Any CPU
		{5AC60ED5-F217-41C2-A247-777FC5FFCB23}.Debug|Any CPU.Build.0 = Debug|Any CPU
		{5AC60ED5-F217-41C2-A247-777FC5FFCB23}.Release|Any CPU.ActiveCfg = Release|Any CPU
		{5AC60ED5-F217-41C2-A247-777FC5FFCB23}.Release|Any CPU.Build.0 = Release|Any CPU
	EndGlobalSection
	GlobalSection(SolutionProperties) = preSolution
		HideSolutionNode = FALSE
	EndGlobalSection
	GlobalSection(ExtensibilityGlobals) = postSolution
		SolutionGuid = {1830F9A8-E7D2-479E-B6E3-D2E1E9034436}
	EndGlobalSection
EndGlobal
